<?xml version="1.0" encoding="utf-8"?>
<Project ToolsVersion="4.0" xmlns="http://schemas.microsoft.com/developer/msbuild/2003">
  <ItemGroup>
    <Filter Include="Source Files">
      <UniqueIdentifier>{73c25615-e481-4d28-bc73-8b57eb75e93e}</UniqueIdentifier>
      <Extensions>cpp;c;cxx;rc;def;r;odl;idl;hpj;bat</Extensions>
    </Filter>
    <Filter Include="Header Files">
      <UniqueIdentifier>{718c4985-173b-4418-b1a2-244d8523a111}</UniqueIdentifier>
      <Extensions>h;hpp;hxx;hm;inl</Extensions>
    </Filter>
    <Filter Include="Resource Files">
      <UniqueIdentifier>{5640e064-7823-4114-8a5b-adf165054f96}</UniqueIdentifier>
      <Extensions>ico;cur;bmp;dlg;rc2;rct;bin;rgs;gif;jpg;jpeg;jpe</Extensions>
    </Filter>
  </ItemGroup>
  <ItemGroup>
    <Text Include="ReadMe.txt" />
  </ItemGroup>
  <ItemGroup>
    <ClInclude Include="..\src\include\base.h">
      <Filter>Header Files</Filter>
    </ClInclude>
    <ClInclude Include="..\src\include\convolve.h">
      <Filter>Header Files</Filter>
    </ClInclude>
    <ClInclude Include="..\src\include\error.h">
      <Filter>Header Files</Filter>
    </ClInclude>
    <ClInclude Include="..\src\include\klt.h">
      <Filter>Header Files</Filter>
    </ClInclude>
    <ClInclude Include="..\src\include\klt_util.h">
      <Filter>Header Files</Filter>
    </ClInclude>
    <ClInclude Include="..\src\include\pnmio.h">
      <Filter>Header Files</Filter>
    </ClInclude>
    <ClInclude Include="..\src\include\pyramid.h">
      <Filter>Header Files</Filter>
    </ClInclude>
  </ItemGroup>
  <ItemGroup>
    <ClCompile Include="..\src\convolve.c">
      <Filter>Source Files</Filter>
    </ClCompile>
    <ClCompile Include="..\src\error.c">
      <Filter>Source Files</Filter>
    </ClCompile>
    <ClCompile Include="..\src\example_trk_PYLK.cpp">
      <Filter>Source Files</Filter>
    </ClCompile>
    <ClCompile Include="..\src\klt.c">
      <Filter>Source Files</Filter>
    </ClCompile>
    <ClCompile Include="..\src\klt_util.c">
      <Filter>Source Files</Filter>
    </ClCompile>
    <ClCompile Include="..\src\main.cpp">
      <Filter>Source Files</Filter>
    </ClCompile>
    <ClCompile Include="..\src\pnmio.cpp">
      <Filter>Source Files</Filter>
    </ClCompile>
    <ClCompile Include="..\src\pyramid.c">
      <Filter>Source Files</Filter>
    </ClCompile>
    <ClCompile Include="..\src\selectGoodFeatures.c">
      <Filter>Source Files</Filter>
    </ClCompile>
    <ClCompile Include="..\src\storeFeatures.c">
      <Filter>Source Files</Filter>
    </ClCompile>
    <ClCompile Include="..\src\trackFeatures.c">
      <Filter>Source Files</Filter>
    </ClCompile>
    <ClCompile Include="..\src\writeFeatures.c">
      <Filter>Source Files</Filter>
    </ClCompile>
  </ItemGroup>
</Project>